
Microsoft Visual Studio Solution File, Format Version 12.00
# Visual Studio 2015
Project("{FAE04EC0-301F-11D3-BF4B-00C04F79EFBC}") = "WIP.CSharp", "WIP.CSharp.csproj", "{A619F375-5990-3409-6651-67D6F0920CBF}"
EndProject
Project("{FAE04EC0-301F-11D3-BF4B-00C04F79EFBC}") = "WIP.CSharp.Editor", "WIP.CSharp.Editor.csproj", "{1ACE1CEE-37C6-44D4-1076-18716DEF5574}"
EndProject
Global
	GlobalSection(SolutionConfigurationPlatforms) = preSolution
		Debug|Any CPU = Debug|Any CPU
		Release|Any CPU = Release|Any CPU
	EndGlobalSection
	GlobalSection(ProjectConfigurationPlatforms) = postSolution
		{A619F375-5990-3409-6651-67D6F0920CBF}.Debug|Any CPU.ActiveCfg = Debug|Any CPU
		{A619F375-5990-3409-6651-67D6F0920CBF}.Debug|Any CPU.Build.0 = Debug|Any CPU
		{A619F375-5990-3409-6651-67D6F0920CBF}.Release|Any CPU.ActiveCfg = Release|Any CPU
		{A619F375-5990-3409-6651-67D6F0920CBF}.Release|Any CPU.Build.0 = Release|Any CPU
		{1ACE1CEE-37C6-44D4-1076-18716DEF5574}.Debug|Any CPU.ActiveCfg = Debug|Any CPU
		{1ACE1CEE-37C6-44D4-1076-18716DEF5574}.Debug|Any CPU.Build.0 = Debug|Any CPU
		{1ACE1CEE-37C6-44D4-1076-18716DEF5574}.Release|Any CPU.ActiveCfg = Release|Any CPU
		{1ACE1CEE-37C6-44D4-1076-18716DEF5574}.Release|Any CPU.Build.0 = Release|Any CPU
	EndGlobalSection
	GlobalSection(SolutionProperties) = preSolution
		HideSolutionNode = FALSE
	EndGlobalSection
EndGlobal
